
Microsoft Visual Studio Solution File, Format Version 12.00
# Visual Studio Version 16
VisualStudioVersion = 16.0.30611.23
MinimumVisualStudioVersion = 10.0.40219.1
Project("{9A19103F-16F7-4668-BE54-9A1E7A4F7556}") = "WebApp1", "WebApp1\WebApp1.csproj", "{93D5E4DA-B9F2-4228-A57F-77F56A0FB178}"
EndProject
Project("{9A19103F-16F7-4668-BE54-9A1E7A4F7556}") = "WebApp2", "WebApp2\WebApp2.csproj", "{5AC84196-43B1-4DB1-BA76-0B63228F44AD}"
EndProject
Project("{E53339B2-1760-4266-BCC7-CA923CBCF16C}") = "docker-compose", "docker-compose.dcproj", "{A2335A74-D681-439E-9A74-2F549E4B50AF}"
EndProject
Project("{2150E333-8FDC-42A3-9474-1A3956D46DE8}") = "Solution Items", "Solution Items", "{D7CF5B55-7B58-48DE-8E09-2406C7130FB9}"
	ProjectSection(SolutionItems) = preProject
		certificates.md = certificates.md
		docker.md = docker.md
		identity.md = identity.md
		linux.md = linux.md
		mystore.local.postman_collection.json = mystore.local.postman_collection.json
		network.md = network.md
		..\readme.md = ..\readme.md
		solution.md = solution.md
	EndProjectSection
EndProject
Project("{2150E333-8FDC-42A3-9474-1A3956D46DE8}") = "Services", "Services", "{0D0FB6F3-247C-4100-A3DB-2B6D47BBB897}"
EndProject
Project("{2150E333-8FDC-42A3-9474-1A3956D46DE8}") = "Proxy", "Proxy", "{48FF9497-6FA5-4B50-8749-9FA87F10385B}"
	ProjectSection(SolutionItems) = preProject
		Proxy\api.mystore.local.conf = Proxy\api.mystore.local.conf
		Proxy\api.mystore.local.crt = Proxy\api.mystore.local.crt
		Proxy\api.mystore.local.csr = Proxy\api.mystore.local.csr
		Proxy\api.mystore.local.key = Proxy\api.mystore.local.key
		Proxy\default.conf = Proxy\default.conf
		Proxy\dhparam.pem = Proxy\dhparam.pem
		Proxy\Dockerfile = Proxy\Dockerfile
		Proxy\identity.mystore.local.conf = Proxy\identity.mystore.local.conf
		Proxy\identity.mystore.local.crt = Proxy\identity.mystore.local.crt
		Proxy\identity.mystore.local.csr = Proxy\identity.mystore.local.csr
		Proxy\identity.mystore.local.key = Proxy\identity.mystore.local.key
		Proxy\index.html = Proxy\index.html
		Proxy\myRootCA.crt = Proxy\myRootCA.crt
		Proxy\myRootCA.key = Proxy\myRootCA.key
		Proxy\myRootCA.pem = Proxy\myRootCA.pem
		Proxy\myRootCA.pfx = Proxy\myRootCA.pfx
		Proxy\myRootCA.srl = Proxy\myRootCA.srl
		Proxy\mystore.local.conf = Proxy\mystore.local.conf
		Proxy\mystore.local.crt = Proxy\mystore.local.crt
		Proxy\mystore.local.csr = Proxy\mystore.local.csr
		Proxy\mystore.local.key = Proxy\mystore.local.key
		Proxy\self-signed.conf = Proxy\self-signed.conf
		Proxy\ssl-params.conf = Proxy\ssl-params.conf
	EndProjectSection
EndProject
Project("{9A19103F-16F7-4668-BE54-9A1E7A4F7556}") = "Logging", "Logging\Logging.csproj", "{C694F770-E674-4166-8F42-309FBEB0AD3C}"
EndProject
Project("{2150E333-8FDC-42A3-9474-1A3956D46DE8}") = "Infrastructure", "Infrastructure", "{384B583C-DF84-4C25-88B0-FF28D73A8839}"
EndProject
Project("{9A19103F-16F7-4668-BE54-9A1E7A4F7556}") = "Api", "Api\Api.csproj", "{00792EB5-290D-4D73-A1AE-C35C45918F6B}"
EndProject
Project("{2150E333-8FDC-42A3-9474-1A3956D46DE8}") = "Testing", "Testing", "{9F5491B1-96A2-4F48-96C0-8DA262FE802E}"
EndProject
Project("{9A19103F-16F7-4668-BE54-9A1E7A4F7556}") = "ApiTestClient", "ApiTestClient\ApiTestClient.csproj", "{A60791A0-D768-4CEC-BB9B-4993CF782814}"
EndProject
Project("{9A19103F-16F7-4668-BE54-9A1E7A4F7556}") = "Identity", "Identity\Identity.csproj", "{B7F3EA8E-504A-4CF4-9F69-8E37F0BEFC6F}"
EndProject
Global
	GlobalSection(SolutionConfigurationPlatforms) = preSolution
		Debug|Any CPU = Debug|Any CPU
		Release|Any CPU = Release|Any CPU
	EndGlobalSection
	GlobalSection(ProjectConfigurationPlatforms) = postSolution
		{93D5E4DA-B9F2-4228-A57F-77F56A0FB178}.Debug|Any CPU.ActiveCfg = Debug|Any CPU
		{93D5E4DA-B9F2-4228-A57F-77F56A0FB178}.Debug|Any CPU.Build.0 = Debug|Any CPU
		{93D5E4DA-B9F2-4228-A57F-77F56A0FB178}.Release|Any CPU.ActiveCfg = Release|Any CPU
		{93D5E4DA-B9F2-4228-A57F-77F56A0FB178}.Release|Any CPU.Build.0 = Release|Any CPU
		{5AC84196-43B1-4DB1-BA76-0B63228F44AD}.Debug|Any CPU.ActiveCfg = Debug|Any CPU
		{5AC84196-43B1-4DB1-BA76-0B63228F44AD}.Debug|Any CPU.Build.0 = Debug|Any CPU
		{5AC84196-43B1-4DB1-BA76-0B63228F44AD}.Release|Any CPU.ActiveCfg = Release|Any CPU
		{5AC84196-43B1-4DB1-BA76-0B63228F44AD}.Release|Any CPU.Build.0 = Release|Any CPU
		{A2335A74-D681-439E-9A74-2F549E4B50AF}.Debug|Any CPU.ActiveCfg = Debug|Any CPU
		{A2335A74-D681-439E-9A74-2F549E4B50AF}.Debug|Any CPU.Build.0 = Debug|Any CPU
		{A2335A74-D681-439E-9A74-2F549E4B50AF}.Release|Any CPU.ActiveCfg = Release|Any CPU
		{A2335A74-D681-439E-9A74-2F549E4B50AF}.Release|Any CPU.Build.0 = Release|Any CPU
		{C694F770-E674-4166-8F42-309FBEB0AD3C}.Debug|Any CPU.ActiveCfg = Debug|Any CPU
		{C694F770-E674-4166-8F42-309FBEB0AD3C}.Debug|Any CPU.Build.0 = Debug|Any CPU
		{C694F770-E674-4166-8F42-309FBEB0AD3C}.Release|Any CPU.ActiveCfg = Release|Any CPU
		{C694F770-E674-4166-8F42-309FBEB0AD3C}.Release|Any CPU.Build.0 = Release|Any CPU
		{00792EB5-290D-4D73-A1AE-C35C45918F6B}.Debug|Any CPU.ActiveCfg = Debug|Any CPU
		{00792EB5-290D-4D73-A1AE-C35C45918F6B}.Debug|Any CPU.Build.0 = Debug|Any CPU
		{00792EB5-290D-4D73-A1AE-C35C45918F6B}.Release|Any CPU.ActiveCfg = Release|Any CPU
		{00792EB5-290D-4D73-A1AE-C35C45918F6B}.Release|Any CPU.Build.0 = Release|Any CPU
		{A60791A0-D768-4CEC-BB9B-4993CF782814}.Debug|Any CPU.ActiveCfg = Debug|Any CPU
		{A60791A0-D768-4CEC-BB9B-4993CF782814}.Debug|Any CPU.Build.0 = Debug|Any CPU
		{A60791A0-D768-4CEC-BB9B-4993CF782814}.Release|Any CPU.ActiveCfg = Release|Any CPU
		{A60791A0-D768-4CEC-BB9B-4993CF782814}.Release|Any CPU.Build.0 = Release|Any CPU
		{B7F3EA8E-504A-4CF4-9F69-8E37F0BEFC6F}.Debug|Any CPU.ActiveCfg = Debug|Any CPU
		{B7F3EA8E-504A-4CF4-9F69-8E37F0BEFC6F}.Debug|Any CPU.Build.0 = Debug|Any CPU
		{B7F3EA8E-504A-4CF4-9F69-8E37F0BEFC6F}.Release|Any CPU.ActiveCfg = Release|Any CPU
		{B7F3EA8E-504A-4CF4-9F69-8E37F0BEFC6F}.Release|Any CPU.Build.0 = Release|Any CPU
	EndGlobalSection
	GlobalSection(SolutionProperties) = preSolution
		HideSolutionNode = FALSE
	EndGlobalSection
	GlobalSection(NestedProjects) = preSolution
		{93D5E4DA-B9F2-4228-A57F-77F56A0FB178} = {0D0FB6F3-247C-4100-A3DB-2B6D47BBB897}
		{5AC84196-43B1-4DB1-BA76-0B63228F44AD} = {0D0FB6F3-247C-4100-A3DB-2B6D47BBB897}
		{48FF9497-6FA5-4B50-8749-9FA87F10385B} = {0D0FB6F3-247C-4100-A3DB-2B6D47BBB897}
		{C694F770-E674-4166-8F42-309FBEB0AD3C} = {384B583C-DF84-4C25-88B0-FF28D73A8839}
		{00792EB5-290D-4D73-A1AE-C35C45918F6B} = {0D0FB6F3-247C-4100-A3DB-2B6D47BBB897}
		{A60791A0-D768-4CEC-BB9B-4993CF782814} = {9F5491B1-96A2-4F48-96C0-8DA262FE802E}
		{B7F3EA8E-504A-4CF4-9F69-8E37F0BEFC6F} = {0D0FB6F3-247C-4100-A3DB-2B6D47BBB897}
	EndGlobalSection
	GlobalSection(ExtensibilityGlobals) = postSolution
		SolutionGuid = {5C4A47CA-5E1F-4D9D-92C7-7634752BE4F8}
	EndGlobalSection
EndGlobal
